
Microsoft Visual Studio Solution File, Format Version 12.00
# Visual Studio Version 17
VisualStudioVersion = 17.14.36414.22 d17.14
MinimumVisualStudioVersion = 10.0.40219.1
Project("{FAE04EC0-301F-11D3-BF4B-00C04F79EFBC}") = "pjtBilheteria", "pjtBilheteria\pjtBilheteria.csproj", "{782865E4-6FC4-4FF6-96BB-95CA40562A20}"
EndProject
Global
	GlobalSection(SolutionConfigurationPlatforms) = preSolution
		Debug|Any CPU = Debug|Any CPU
		Release|Any CPU = Release|Any CPU
	EndGlobalSection
	GlobalSection(ProjectConfigurationPlatforms) = postSolution
		{782865E4-6FC4-4FF6-96BB-95CA40562A20}.Debug|Any CPU.ActiveCfg = Debug|Any CPU
		{782865E4-6FC4-4FF6-96BB-95CA40562A20}.Debug|Any CPU.Build.0 = Debug|Any CPU
		{782865E4-6FC4-4FF6-96BB-95CA40562A20}.Release|Any CPU.ActiveCfg = Release|Any CPU
		{782865E4-6FC4-4FF6-96BB-95CA40562A20}.Release|Any CPU.Build.0 = Release|Any CPU
	EndGlobalSection
	GlobalSection(SolutionProperties) = preSolution
		HideSolutionNode = FALSE
	EndGlobalSection
	GlobalSection(ExtensibilityGlobals) = postSolution
		SolutionGuid = {27EEF6FF-86FC-4B95-BA07-D818E0176FE8}
	EndGlobalSection
EndGlobal
